
Microsoft Visual Studio Solution File, Format Version 12.00
# Visual Studio Version 17
VisualStudioVersion = 17.5.002.0
MinimumVisualStudioVersion = 10.0.40219.1
Project("{9A19103F-16F7-4668-BE54-9A1E7A4F7556}") = "OOP", "OOP.csproj", "{36B14714-4CA3-46FC-B7F8-8A678CDD2365}"
EndProject
Global
	GlobalSection(SolutionConfigurationPlatforms) = preSolution
		Debug|Any CPU = Debug|Any CPU
		Release|Any CPU = Release|Any CPU
	EndGlobalSection
	GlobalSection(ProjectConfigurationPlatforms) = postSolution
		{36B14714-4CA3-46FC-B7F8-8A678CDD2365}.Debug|Any CPU.ActiveCfg = Debug|Any CPU
		{36B14714-4CA3-46FC-B7F8-8A678CDD2365}.Debug|Any CPU.Build.0 = Debug|Any CPU
		{36B14714-4CA3-46FC-B7F8-8A678CDD2365}.Release|Any CPU.ActiveCfg = Release|Any CPU
		{36B14714-4CA3-46FC-B7F8-8A678CDD2365}.Release|Any CPU.Build.0 = Release|Any CPU
	EndGlobalSection
	GlobalSection(SolutionProperties) = preSolution
		HideSolutionNode = FALSE
	EndGlobalSection
	GlobalSection(ExtensibilityGlobals) = postSolution
		SolutionGuid = {DD6C3E1B-457D-4538-BC64-890FE658B7B0}
	EndGlobalSection
EndGlobal
